<?xml version="1.0" encoding="utf-8"?>
<Project ToolsVersion="4.0" xmlns="http://schemas.microsoft.com/developer/msbuild/2003">
  <ItemGroup>
    <Filter Include="Source Files">
      <UniqueIdentifier>{4FC737F1-C7A5-4376-A066-2A32D752A2FF}</UniqueIdentifier>
      <Extensions>cpp;c;cc;cxx;c++;def;odl;idl;hpj;bat;asm;asmx</Extensions>
    </Filter>
    <Filter Include="Header Files">
      <UniqueIdentifier>{93995380-89BD-4b04-88EB-625FBE52EBFB}</UniqueIdentifier>
      <Extensions>h;hh;hpp;hxx;h++;hm;inl;inc;ipp;xsd</Extensions>
    </Filter>
    <Filter Include="Resource Files">
      <UniqueIdentifier>{67DA6AB6-F800-4c08-8B7A-83BB121AAD01}</UniqueIdentifier>
      <Extensions>rc;ico;cur;bmp;dlg;rc2;rct;bin;rgs;gif;jpg;jpeg;jpe;resx;tiff;tif;png;wav;mfcribbon-ms</Extensions>
    </Filter>
    <Filter Include="Header Files\ThirdParty">
      <UniqueIdentifier>{586564cf-b693-4c4f-8980-79217451a88e}</UniqueIdentifier>
    </Filter>
    <Filter Include="Source Files\ThirdParty">
      <UniqueIdentifier>{f222fb76-a43f-4a07-a5b8-e6f7db3a2f3d}</UniqueIdentifier>
    </Filter>
    <Filter Include="Header Files\ThirdParty\System">
      <UniqueIdentifier>{f77cd5ee-96a7-42f5-9040-362acfb0bad1}</UniqueIdentifier>
    </Filter>
    <Filter Include="Source Files\ThirdParty\System">
      <UniqueIdentifier>{8b9a6a7b-9435-4f40-87bd-a3f61a681ff9}</UniqueIdentifier>
    </Filter>
    <Filter Include="Header Files\ThirdParty\System\Hardware">
      <UniqueIdentifier>{f72671a5-8d7c-4fc8-a255-4261b9ba03ac}</UniqueIdentifier>
    </Filter>
    <Filter Include="Source Files\ThirdParty\System\Hardware">
      <UniqueIdentifier>{cc0fed2e-861d-4257-a456-ff4d8c74dfa3}</UniqueIdentifier>
    </Filter>
    <Filter Include="Header Files\ThirdParty\DirectX11">
      <UniqueIdentifier>{7d8c3449-e3c4-46d3-801b-5365159fbe83}</UniqueIdentifier>
    </Filter>
    <Filter Include="Source Files\ThirdParty\DirectX11">
      <UniqueIdentifier>{a3ed2a72-bb1d-4214-bc36-a428ee23d745}</UniqueIdentifier>
    </Filter>
    <Filter Include="Header Files\ThirdParty\DirectX11\Direct3D">
      <UniqueIdentifier>{d650d3b5-be1c-4214-9aac-96a87d636c8a}</UniqueIdentifier>
    </Filter>
    <Filter Include="Source Files\ThirdParty\DirectX11\Direct3D">
      <UniqueIdentifier>{b421fcdb-d9f8-48ac-9085-71d39e1d950b}</UniqueIdentifier>
    </Filter>
    <Filter Include="Header Files\ThirdParty\DirectX11\Direct3D\Resources">
      <UniqueIdentifier>{e9e4612f-4fbb-4df0-98f5-3dac7620df2d}</UniqueIdentifier>
    </Filter>
    <Filter Include="Source Files\ThirdParty\DirectX11\Direct3D\Resources">
      <UniqueIdentifier>{1a8aacd9-aee4-4c2c-81cf-a8b716d38721}</UniqueIdentifier>
    </Filter>
    <Filter Include="Header Files\ThirdParty\DirectX11\Direct3D\2D">
      <UniqueIdentifier>{ab7a5a99-7662-4699-982e-6bf24ddc83c4}</UniqueIdentifier>
    </Filter>
    <Filter Include="Source Files\ThirdParty\DirectX11\Direct3D\2D">
      <UniqueIdentifier>{f9ce61e4-2b71-44bc-a951-21eaac2293af}</UniqueIdentifier>
    </Filter>
    <Filter Include="Header Files\ThirdParty\DirectX11\Direct3D\2D\Resources">
      <UniqueIdentifier>{4555c395-88cc-4ffd-919a-7e6d6d4b7a66}</UniqueIdentifier>
    </Filter>
    <Filter Include="Source Files\ThirdParty\DirectX11\Direct3D\2D\Resources">
      <UniqueIdentifier>{8cd93162-b603-47f1-84fd-60164f22f7af}</UniqueIdentifier>
    </Filter>
    <Filter Include="Header Files\Lib">
      <UniqueIdentifier>{a67991e7-bab0-478a-8cce-d4450404d021}</UniqueIdentifier>
    </Filter>
    <Filter Include="Source Files\Lib">
      <UniqueIdentifier>{81732383-cf3e-4f8f-996e-62569306ef91}</UniqueIdentifier>
    </Filter>
    <Filter Include="Header Files\Lib\Memory">
      <UniqueIdentifier>{9450019c-9e45-4fdb-828b-e7d61f79fdd5}</UniqueIdentifier>
    </Filter>
    <Filter Include="Source Files\Lib\Memory">
      <UniqueIdentifier>{3a27024c-8bf6-437c-b95c-ac0388ba232d}</UniqueIdentifier>
    </Filter>
    <Filter Include="Header Files\Lib\Memory\Allocators">
      <UniqueIdentifier>{e5798813-d4cb-44d7-b65b-320649ea4d82}</UniqueIdentifier>
    </Filter>
    <Filter Include="Source Files\Lib\Memory\Allocators">
      <UniqueIdentifier>{b04e1622-bf8a-4e38-b823-b84f48e5f5d6}</UniqueIdentifier>
    </Filter>
    <Filter Include="Header Files\Lib\Error">
      <UniqueIdentifier>{620df4a6-8438-488d-bad8-a1cd23ac3b38}</UniqueIdentifier>
    </Filter>
    <Filter Include="Source Files\Lib\Error">
      <UniqueIdentifier>{4001bcd6-12a5-40ca-b0f4-253a870f3e70}</UniqueIdentifier>
    </Filter>
    <Filter Include="Header Files\Lib\Math">
      <UniqueIdentifier>{2b530667-790d-4cda-8f96-93e1f699bd32}</UniqueIdentifier>
    </Filter>
    <Filter Include="Source Files\Lib\Math">
      <UniqueIdentifier>{ac3c5b92-763f-43fa-84aa-50d902e751d4}</UniqueIdentifier>
    </Filter>
    <Filter Include="Header Files\Lib\Math\Formats">
      <UniqueIdentifier>{c7198854-26b5-42eb-8262-535132aef4a6}</UniqueIdentifier>
    </Filter>
    <Filter Include="Source Files\Lib\Math\Formats">
      <UniqueIdentifier>{e38f0eaf-9fb6-4a67-bf97-dfa3ebe632ef}</UniqueIdentifier>
    </Filter>
    <Filter Include="Header Files\Lib\Math\Hash">
      <UniqueIdentifier>{278eaccd-160d-4c41-a5d1-7ef33f7d3a61}</UniqueIdentifier>
    </Filter>
    <Filter Include="Source Files\Lib\Math\Hash">
      <UniqueIdentifier>{48940e8f-53e0-4fc9-ac06-c9b916abae29}</UniqueIdentifier>
    </Filter>
    <Filter Include="Header Files\Lib\Math\Random">
      <UniqueIdentifier>{c66493a8-2639-4997-a503-7cf25888b64a}</UniqueIdentifier>
    </Filter>
    <Filter Include="Source Files\Lib\Math\Random">
      <UniqueIdentifier>{cf247442-10b3-4403-8bde-3641030c811d}</UniqueIdentifier>
    </Filter>
    <Filter Include="Header Files\Lib\Math\Functions">
      <UniqueIdentifier>{a36f458e-ce9d-4bbc-af77-b02ff054eb87}</UniqueIdentifier>
    </Filter>
    <Filter Include="Source Files\Lib\Math\Functions">
      <UniqueIdentifier>{9f418b24-c485-402b-90a3-d4b642bbb4c7}</UniqueIdentifier>
    </Filter>
    <Filter Include="Header Files\Lib\Math\Types">
      <UniqueIdentifier>{29303edd-9a15-480f-93a4-60a897ec8992}</UniqueIdentifier>
    </Filter>
    <Filter Include="Source Files\Lib\Math\Types">
      <UniqueIdentifier>{6ea7440b-42fe-4087-93e3-94e85a9a3094}</UniqueIdentifier>
    </Filter>
    <Filter Include="Header Files\Lib\Math\Types\Vector">
      <UniqueIdentifier>{908bd6eb-1d7f-4793-a322-85708abf7bfb}</UniqueIdentifier>
    </Filter>
    <Filter Include="Source Files\Lib\Math\Types\Vector">
      <UniqueIdentifier>{f6d25cf8-7e7e-41e7-ba7a-6e6fb916f313}</UniqueIdentifier>
    </Filter>
    <Filter Include="Header Files\Lib\Math\Types\Vertex">
      <UniqueIdentifier>{5d794d87-87fc-4552-8509-6859a776ef58}</UniqueIdentifier>
    </Filter>
    <Filter Include="Source Files\Lib\Math\Types\Vertex">
      <UniqueIdentifier>{2252941b-efae-49ca-8102-25ed29a33ddb}</UniqueIdentifier>
    </Filter>
    <Filter Include="Header Files\Lib\Math\Types\Complex">
      <UniqueIdentifier>{c799e32d-bcca-4621-925d-580c58f3938b}</UniqueIdentifier>
    </Filter>
    <Filter Include="Source Files\Lib\Math\Types\Complex">
      <UniqueIdentifier>{bea8ea28-f8fc-4a4f-878f-627e56122455}</UniqueIdentifier>
    </Filter>
    <Filter Include="Header Files\Lib\Math\Types\Matrix">
      <UniqueIdentifier>{be5b37b9-3514-44dc-b176-c6c2b927cfc7}</UniqueIdentifier>
    </Filter>
    <Filter Include="Source Files\Lib\Math\Types\Matrix">
      <UniqueIdentifier>{68a9f44d-00ae-4c24-87b4-0519d83364cd}</UniqueIdentifier>
    </Filter>
    <Filter Include="Header Files\ThirdParty\System\Hardware\SIMD">
      <UniqueIdentifier>{b2cb35e7-9001-4a8f-8b81-a27fef051191}</UniqueIdentifier>
    </Filter>
    <Filter Include="Source Files\ThirdParty\System\Hardware\SIMD">
      <UniqueIdentifier>{ddb169f4-6698-465d-86e7-ae331a1291f0}</UniqueIdentifier>
    </Filter>
    <Filter Include="Header Files\Lib\Math\Types\Transform">
      <UniqueIdentifier>{61a4f5e1-cb41-4815-a768-2956d3f560b0}</UniqueIdentifier>
    </Filter>
    <Filter Include="Source Files\Lib\Math\Types\Transform">
      <UniqueIdentifier>{6d5dc28f-1ca3-4e0d-ba6c-95f7e09587ef}</UniqueIdentifier>
    </Filter>
    <Filter Include="Header Files\Lib\String">
      <UniqueIdentifier>{eb1e4355-e25c-475c-a2c3-64152ecf4a17}</UniqueIdentifier>
    </Filter>
    <Filter Include="Source Files\Lib\String">
      <UniqueIdentifier>{27b1def9-9d01-4127-89ea-41ed86d45773}</UniqueIdentifier>
    </Filter>
    <Filter Include="Header Files\Lib\Datastruct">
      <UniqueIdentifier>{f08cd36d-dafd-4d95-8b93-6980fc674edc}</UniqueIdentifier>
    </Filter>
    <Filter Include="Source Files\Lib\Datastruct">
      <UniqueIdentifier>{53275bea-e131-4e52-be39-7f084126ffc2}</UniqueIdentifier>
    </Filter>
    <Filter Include="Header Files\Lib\Datastruct\Array">
      <UniqueIdentifier>{88d654a7-c683-4be3-908a-ab5e72416352}</UniqueIdentifier>
    </Filter>
    <Filter Include="Source Files\Lib\Datastruct\Array">
      <UniqueIdentifier>{66b6fdef-6c7d-46ac-8e8a-6dac88cb9ce0}</UniqueIdentifier>
    </Filter>
  </ItemGroup>
  <ItemGroup>
    <ClInclude Include="ThirdParty\System\Platform.h">
      <Filter>Header Files\ThirdParty\System</Filter>
    </ClInclude>
    <ClInclude Include="ThirdParty\System\Hardware\FPU.h">
      <Filter>Header Files\ThirdParty\System\Hardware</Filter>
    </ClInclude>
    <ClInclude Include="ThirdParty\System\String.h">
      <Filter>Header Files\ThirdParty\System</Filter>
    </ClInclude>
    <ClInclude Include="ThirdParty\System\File.h">
      <Filter>Header Files\ThirdParty\System</Filter>
    </ClInclude>
    <ClInclude Include="ThirdParty\System\Networking.h">
      <Filter>Header Files\ThirdParty\System</Filter>
    </ClInclude>
    <ClInclude Include="ThirdParty\System\Threading.h">
      <Filter>Header Files\ThirdParty\System</Filter>
    </ClInclude>
    <ClInclude Include="ThirdParty\System\System.h">
      <Filter>Header Files\ThirdParty\System</Filter>
    </ClInclude>
    <ClInclude Include="ThirdParty\DirectX11\Direct3D\D3D11Window.h">
      <Filter>Header Files\ThirdParty\DirectX11\Direct3D</Filter>
    </ClInclude>
    <ClInclude Include="ThirdParty\DirectX11\Direct3D\D3D11Mappings.h">
      <Filter>Header Files\ThirdParty\DirectX11\Direct3D</Filter>
    </ClInclude>
    <ClInclude Include="ThirdParty\DirectX11\Direct3D\D3D11Renderer.h">
      <Filter>Header Files\ThirdParty\DirectX11\Direct3D</Filter>
    </ClInclude>
    <ClInclude Include="ThirdParty\DirectX11\Direct3D\Resources\D3D11Resource.h">
      <Filter>Header Files\ThirdParty\DirectX11\Direct3D\Resources</Filter>
    </ClInclude>
    <ClInclude Include="ThirdParty\DirectX11\Direct3D\Resources\D3D11DeferredContext.h">
      <Filter>Header Files\ThirdParty\DirectX11\Direct3D\Resources</Filter>
    </ClInclude>
    <ClInclude Include="ThirdParty\DirectX11\Direct3D\Resources\D3D11ResourceView.h">
      <Filter>Header Files\ThirdParty\DirectX11\Direct3D\Resources</Filter>
    </ClInclude>
    <ClInclude Include="ThirdParty\DirectX11\Direct3D\Resources\D3D11Buffer.h">
      <Filter>Header Files\ThirdParty\DirectX11\Direct3D\Resources</Filter>
    </ClInclude>
    <ClInclude Include="ThirdParty\DirectX11\Direct3D\Resources\D3D11Texture.h">
      <Filter>Header Files\ThirdParty\DirectX11\Direct3D\Resources</Filter>
    </ClInclude>
    <ClInclude Include="ThirdParty\DirectX11\Direct3D\Resources\D3D11InputLayout.h">
      <Filter>Header Files\ThirdParty\DirectX11\Direct3D\Resources</Filter>
    </ClInclude>
    <ClInclude Include="ThirdParty\DirectX11\Direct3D\Resources\D3D11RenderState.h">
      <Filter>Header Files\ThirdParty\DirectX11\Direct3D\Resources</Filter>
    </ClInclude>
    <ClInclude Include="ThirdParty\DirectX11\Direct3D\Resources\D3D11Asynchronous.h">
      <Filter>Header Files\ThirdParty\DirectX11\Direct3D\Resources</Filter>
    </ClInclude>
    <ClInclude Include="ThirdParty\DirectX11\Direct3D\Resources\D3D11Shader.h">
      <Filter>Header Files\ThirdParty\DirectX11\Direct3D\Resources</Filter>
    </ClInclude>
    <ClInclude Include="ThirdParty\DirectX11\Direct3D\2D\D2D1Mappings.h">
      <Filter>Header Files\ThirdParty\DirectX11\Direct3D\2D</Filter>
    </ClInclude>
    <ClInclude Include="ThirdParty\DirectX11\Direct3D\2D\Resources\D2D1RenderState.h">
      <Filter>Header Files\ThirdParty\DirectX11\Direct3D\2D\Resources</Filter>
    </ClInclude>
    <ClInclude Include="ThirdParty\DirectX11\Direct3D\2D\D2D1RenderingContext.h">
      <Filter>Header Files\ThirdParty\DirectX11\Direct3D\2D</Filter>
    </ClInclude>
    <ClInclude Include="ThirdParty\DirectX11\Direct3D\2D\Resources\D2D1Bitmap.h">
      <Filter>Header Files\ThirdParty\DirectX11\Direct3D\2D\Resources</Filter>
    </ClInclude>
    <ClInclude Include="ThirdParty\DirectX11\Direct3D\2D\Resources\D2D1Layer.h">
      <Filter>Header Files\ThirdParty\DirectX11\Direct3D\2D\Resources</Filter>
    </ClInclude>
    <ClInclude Include="ThirdParty\DirectX11\Direct3D\2D\Resources\D2D1StrokeStyle.h">
      <Filter>Header Files\ThirdParty\DirectX11\Direct3D\2D\Resources</Filter>
    </ClInclude>
    <ClInclude Include="ThirdParty\DirectX11\Direct3D\2D\Resources\D2D1Mesh.h">
      <Filter>Header Files\ThirdParty\DirectX11\Direct3D\2D\Resources</Filter>
    </ClInclude>
    <ClInclude Include="ThirdParty\DirectX11\Direct3D\2D\Resources\D2D1Brush.h">
      <Filter>Header Files\ThirdParty\DirectX11\Direct3D\2D\Resources</Filter>
    </ClInclude>
    <ClInclude Include="ThirdParty\DirectX11\Direct3D\2D\Resources\D2D1Geometry.h">
      <Filter>Header Files\ThirdParty\DirectX11\Direct3D\2D\Resources</Filter>
    </ClInclude>
    <ClInclude Include="ThirdParty\DirectX11\Direct3D\2D\Resources\D2D1Text.h">
      <Filter>Header Files\ThirdParty\DirectX11\Direct3D\2D\Resources</Filter>
    </ClInclude>
    <ClInclude Include="Lib\Memory\Allocators\MemoryAllocator.h">
      <Filter>Header Files\Lib\Memory\Allocators</Filter>
    </ClInclude>
    <ClInclude Include="Lib\Error\ErrorManager.h">
      <Filter>Header Files\Lib\Error</Filter>
    </ClInclude>
    <ClInclude Include="Lib\Memory\Allocators\PoolAllocator.h">
      <Filter>Header Files\Lib\Memory\Allocators</Filter>
    </ClInclude>
    <ClInclude Include="Lib\Memory\Allocators\StackAllocator.h">
      <Filter>Header Files\Lib\Memory\Allocators</Filter>
    </ClInclude>
    <ClInclude Include="Lib\Memory\Allocators\HeapAllocator.h">
      <Filter>Header Files\Lib\Memory\Allocators</Filter>
    </ClInclude>
    <ClInclude Include="Lib\Memory\MemoryManager.h">
      <Filter>Header Files\Lib\Memory</Filter>
    </ClInclude>
    <ClInclude Include="Lib\Math\Formats\Scalar.h">
      <Filter>Header Files\Lib\Math\Formats</Filter>
    </ClInclude>
    <ClInclude Include="Lib\Math\Formats\Fixed.h">
      <Filter>Header Files\Lib\Math\Formats</Filter>
    </ClInclude>
    <ClInclude Include="Lib\Math\Formats\Integer.h">
      <Filter>Header Files\Lib\Math\Formats</Filter>
    </ClInclude>
    <ClInclude Include="Lib\Math\Formats\Rational.h">
      <Filter>Header Files\Lib\Math\Formats</Filter>
    </ClInclude>
    <ClInclude Include="Lib\Math\Hash\Hashing.h">
      <Filter>Header Files\Lib\Math\Hash</Filter>
    </ClInclude>
    <ClInclude Include="Lib\Math\Hash\MD5.h">
      <Filter>Header Files\Lib\Math\Hash</Filter>
    </ClInclude>
    <ClInclude Include="Lib\Math\Hash\SHA1.h">
      <Filter>Header Files\Lib\Math\Hash</Filter>
    </ClInclude>
    <ClInclude Include="Lib\Math\Random\Random.h">
      <Filter>Header Files\Lib\Math\Random</Filter>
    </ClInclude>
    <ClInclude Include="Lib\Math\Functions\MathFunction.h">
      <Filter>Header Files\Lib\Math\Functions</Filter>
    </ClInclude>
    <ClInclude Include="Lib\Math\Types\Vector\Vector4.h">
      <Filter>Header Files\Lib\Math\Types\Vector</Filter>
    </ClInclude>
    <ClInclude Include="ThirdParty\System\Hardware\CPUID.h">
      <Filter>Header Files\ThirdParty\System\Hardware</Filter>
    </ClInclude>
    <ClInclude Include="ThirdParty\System\Hardware\SIMD.h">
      <Filter>Header Files\ThirdParty\System\Hardware</Filter>
    </ClInclude>
    <ClInclude Include="Lib\Math\Types\Vector\Vector3.h">
      <Filter>Header Files\Lib\Math\Types\Vector</Filter>
    </ClInclude>
    <ClInclude Include="Lib\Math\Types\Vector\Vector2.h">
      <Filter>Header Files\Lib\Math\Types\Vector</Filter>
    </ClInclude>
    <ClInclude Include="Lib\Math\Types\Vertex\Vertex4.h">
      <Filter>Header Files\Lib\Math\Types\Vertex</Filter>
    </ClInclude>
    <ClInclude Include="Lib\Math\Types\Vertex\Vertex3.h">
      <Filter>Header Files\Lib\Math\Types\Vertex</Filter>
    </ClInclude>
    <ClInclude Include="Lib\Math\Types\Vertex\Vertex2.h">
      <Filter>Header Files\Lib\Math\Types\Vertex</Filter>
    </ClInclude>
    <ClInclude Include="Lib\Math\Types\Complex\Complex.h">
      <Filter>Header Files\Lib\Math\Types\Complex</Filter>
    </ClInclude>
    <ClInclude Include="Lib\Math\Types\Matrix\Matrix4.h">
      <Filter>Header Files\Lib\Math\Types\Matrix</Filter>
    </ClInclude>
    <ClInclude Include="ThirdParty\System\Hardware\SIMD\SIMD_Control.h">
      <Filter>Header Files\ThirdParty\System\Hardware\SIMD</Filter>
    </ClInclude>
    <ClInclude Include="ThirdParty\System\Hardware\SIMD\SIMD_ImportValues.h">
      <Filter>Header Files\ThirdParty\System\Hardware\SIMD</Filter>
    </ClInclude>
    <ClInclude Include="ThirdParty\System\Hardware\SIMD\SIMD_ExportValues.h">
      <Filter>Header Files\ThirdParty\System\Hardware\SIMD</Filter>
    </ClInclude>
    <ClInclude Include="ThirdParty\System\Hardware\SIMD\SIMD_ImportMemory.h">
      <Filter>Header Files\ThirdParty\System\Hardware\SIMD</Filter>
    </ClInclude>
    <ClInclude Include="ThirdParty\System\Hardware\SIMD\SIMD_ExportMemory.h">
      <Filter>Header Files\ThirdParty\System\Hardware\SIMD</Filter>
    </ClInclude>
    <ClInclude Include="ThirdParty\System\Hardware\SIMD\SIMD_Cast.h">
      <Filter>Header Files\ThirdParty\System\Hardware\SIMD</Filter>
    </ClInclude>
    <ClInclude Include="ThirdParty\System\Hardware\SIMD\SIMD_Convert.h">
      <Filter>Header Files\ThirdParty\System\Hardware\SIMD</Filter>
    </ClInclude>
    <ClInclude Include="ThirdParty\System\Hardware\SIMD\SIMD_Compare.h">
      <Filter>Header Files\ThirdParty\System\Hardware\SIMD</Filter>
    </ClInclude>
    <ClInclude Include="ThirdParty\System\Hardware\SIMD\SIMD_Function.h">
      <Filter>Header Files\ThirdParty\System\Hardware\SIMD</Filter>
    </ClInclude>
    <ClInclude Include="ThirdParty\System\Hardware\SIMD\SIMD_Bit.h">
      <Filter>Header Files\ThirdParty\System\Hardware\SIMD</Filter>
    </ClInclude>
    <ClInclude Include="ThirdParty\System\Hardware\SIMD\SIMD_Math.h">
      <Filter>Header Files\ThirdParty\System\Hardware\SIMD</Filter>
    </ClInclude>
    <ClInclude Include="ThirdParty\System\Hardware\SIMD\SIMD_Register.h">
      <Filter>Header Files\ThirdParty\System\Hardware\SIMD</Filter>
    </ClInclude>
    <ClInclude Include="Lib\Math\Types\Matrix\Matrix3.h">
      <Filter>Header Files\Lib\Math\Types\Matrix</Filter>
    </ClInclude>
    <ClInclude Include="Lib\Math\Types\Matrix\Matrix2.h">
      <Filter>Header Files\Lib\Math\Types\Matrix</Filter>
    </ClInclude>
    <ClInclude Include="Lib\Math\Types\Transform\Transform3.h">
      <Filter>Header Files\Lib\Math\Types\Transform</Filter>
    </ClInclude>
    <ClInclude Include="Lib\Math\Types\Transform\Transform2.h">
      <Filter>Header Files\Lib\Math\Types\Transform</Filter>
    </ClInclude>
    <ClInclude Include="Lib\String\PatternMatching.h">
      <Filter>Header Files\Lib\String</Filter>
    </ClInclude>
    <ClInclude Include="Lib\Datastruct\Datastruct.h">
      <Filter>Header Files\Lib\Datastruct</Filter>
    </ClInclude>
    <ClInclude Include="Lib\Datastruct\Array\Array.h">
      <Filter>Header Files\Lib\Datastruct\Array</Filter>
    </ClInclude>
  </ItemGroup>
  <ItemGroup>
    <None Include="ThirdParty\System\Platform.inl">
      <Filter>Source Files\ThirdParty\System</Filter>
    </None>
    <None Include="ThirdParty\System\Hardware\FPU.inl">
      <Filter>Source Files\ThirdParty\System\Hardware</Filter>
    </None>
    <None Include="ThirdParty\System\String.inl">
      <Filter>Source Files\ThirdParty\System</Filter>
    </None>
    <None Include="ThirdParty\System\File.inl">
      <Filter>Source Files\ThirdParty\System</Filter>
    </None>
    <None Include="ThirdParty\System\Networking.inl">
      <Filter>Source Files\ThirdParty\System</Filter>
    </None>
    <None Include="ThirdParty\System\Threading.inl">
      <Filter>Source Files\ThirdParty\System</Filter>
    </None>
    <None Include="ThirdParty\System\System.inl">
      <Filter>Source Files\ThirdParty\System</Filter>
    </None>
    <None Include="ThirdParty\DirectX11\Direct3D\D3D11Window.inl">
      <Filter>Source Files\ThirdParty\DirectX11\Direct3D</Filter>
    </None>
    <None Include="ThirdParty\DirectX11\Direct3D\D3D11Mappings.inl">
      <Filter>Source Files\ThirdParty\DirectX11\Direct3D</Filter>
    </None>
    <None Include="ThirdParty\DirectX11\Direct3D\D3D11Renderer.inl">
      <Filter>Source Files\ThirdParty\DirectX11\Direct3D</Filter>
    </None>
    <None Include="ThirdParty\DirectX11\Direct3D\Resources\D3D11Resource.inl">
      <Filter>Source Files\ThirdParty\DirectX11\Direct3D\Resources</Filter>
    </None>
    <None Include="ThirdParty\DirectX11\Direct3D\Resources\D3D11DeferredContext.inl">
      <Filter>Source Files\ThirdParty\DirectX11\Direct3D\Resources</Filter>
    </None>
    <None Include="ThirdParty\DirectX11\Direct3D\Resources\D3D11ResourceView.inl">
      <Filter>Source Files\ThirdParty\DirectX11\Direct3D\Resources</Filter>
    </None>
    <None Include="ThirdParty\DirectX11\Direct3D\Resources\D3D11Buffer.inl">
      <Filter>Source Files\ThirdParty\DirectX11\Direct3D\Resources</Filter>
    </None>
    <None Include="ThirdParty\DirectX11\Direct3D\Resources\D3D11Texture.inl">
      <Filter>Source Files\ThirdParty\DirectX11\Direct3D\Resources</Filter>
    </None>
    <None Include="ThirdParty\DirectX11\Direct3D\Resources\D3D11InputLayout.inl">
      <Filter>Source Files\ThirdParty\DirectX11\Direct3D\Resources</Filter>
    </None>
    <None Include="ThirdParty\DirectX11\Direct3D\Resources\D3D11RenderState.inl">
      <Filter>Source Files\ThirdParty\DirectX11\Direct3D\Resources</Filter>
    </None>
    <None Include="ThirdParty\DirectX11\Direct3D\Resources\D3D11Asynchronous.inl">
      <Filter>Source Files\ThirdParty\DirectX11\Direct3D\Resources</Filter>
    </None>
    <None Include="ThirdParty\DirectX11\Direct3D\Resources\D3D11Shader.inl">
      <Filter>Source Files\ThirdParty\DirectX11\Direct3D\Resources</Filter>
    </None>
    <None Include="ThirdParty\DirectX11\Direct3D\2D\D2D1Mappings.inl">
      <Filter>Source Files\ThirdParty\DirectX11\Direct3D\2D</Filter>
    </None>
    <None Include="ThirdParty\DirectX11\Direct3D\2D\Resources\D2D1RenderState.inl">
      <Filter>Source Files\ThirdParty\DirectX11\Direct3D\2D\Resources</Filter>
    </None>
    <None Include="ThirdParty\DirectX11\Direct3D\2D\D2D1RenderingContext.inl">
      <Filter>Source Files\ThirdParty\DirectX11\Direct3D\2D</Filter>
    </None>
    <None Include="ThirdParty\DirectX11\Direct3D\2D\Resources\D2D1Bitmap.inl">
      <Filter>Source Files\ThirdParty\DirectX11\Direct3D\2D\Resources</Filter>
    </None>
    <None Include="ThirdParty\DirectX11\Direct3D\2D\Resources\D2D1Layer.inl">
      <Filter>Source Files\ThirdParty\DirectX11\Direct3D\2D\Resources</Filter>
    </None>
    <None Include="ThirdParty\DirectX11\Direct3D\2D\Resources\D2D1StrokeStyle.inl">
      <Filter>Source Files\ThirdParty\DirectX11\Direct3D\2D\Resources</Filter>
    </None>
    <None Include="ThirdParty\DirectX11\Direct3D\2D\Resources\D2D1Mesh.inl">
      <Filter>Source Files\ThirdParty\DirectX11\Direct3D\2D\Resources</Filter>
    </None>
    <None Include="ThirdParty\DirectX11\Direct3D\2D\Resources\D2D1Brush.inl">
      <Filter>Source Files\ThirdParty\DirectX11\Direct3D\2D\Resources</Filter>
    </None>
    <None Include="ThirdParty\DirectX11\Direct3D\2D\Resources\D2D1Geometry.inl">
      <Filter>Source Files\ThirdParty\DirectX11\Direct3D\2D\Resources</Filter>
    </None>
    <None Include="ThirdParty\DirectX11\Direct3D\2D\Resources\D2D1Text.inl">
      <Filter>Source Files\ThirdParty\DirectX11\Direct3D\2D\Resources</Filter>
    </None>
    <None Include="Lib\Memory\Allocators\MemoryAllocator.inl">
      <Filter>Source Files\Lib\Memory\Allocators</Filter>
    </None>
    <None Include="Lib\Error\ErrorManager.inl">
      <Filter>Source Files\Lib\Error</Filter>
    </None>
    <None Include="Lib\Memory\Allocators\PoolAllocator.inl">
      <Filter>Source Files\Lib\Memory\Allocators</Filter>
    </None>
    <None Include="Lib\Memory\Allocators\StackAllocator.inl">
      <Filter>Source Files\Lib\Memory\Allocators</Filter>
    </None>
    <None Include="Lib\Memory\Allocators\HeapAllocator.inl">
      <Filter>Source Files\Lib\Memory\Allocators</Filter>
    </None>
    <None Include="Lib\Memory\MemoryManager.inl">
      <Filter>Source Files\Lib\Memory</Filter>
    </None>
    <None Include="Lib\Math\Formats\Scalar.inl">
      <Filter>Source Files\Lib\Math\Formats</Filter>
    </None>
    <None Include="Lib\Math\Formats\Fixed.inl">
      <Filter>Source Files\Lib\Math\Formats</Filter>
    </None>
    <None Include="Lib\Math\Formats\Integer.inl">
      <Filter>Source Files\Lib\Math\Formats</Filter>
    </None>
    <None Include="Lib\Math\Formats\Rational.inl">
      <Filter>Source Files\Lib\Math\Formats</Filter>
    </None>
    <None Include="Lib\Math\Hash\Hashing.inl">
      <Filter>Source Files\Lib\Math\Hash</Filter>
    </None>
    <None Include="Lib\Math\Hash\MD5.inl">
      <Filter>Source Files\Lib\Math\Hash</Filter>
    </None>
    <None Include="Lib\Math\Hash\SHA1.inl">
      <Filter>Source Files\Lib\Math\Hash</Filter>
    </None>
    <None Include="Lib\Math\Random\Random.inl">
      <Filter>Source Files\Lib\Math\Random</Filter>
    </None>
    <None Include="Lib\Math\Functions\MathFunction.inl">
      <Filter>Source Files\Lib\Math\Functions</Filter>
    </None>
    <None Include="Lib\Math\Types\Vector\Vector4.inl">
      <Filter>Source Files\Lib\Math\Types\Vector</Filter>
    </None>
    <None Include="ThirdParty\System\Hardware\CPUID.inl">
      <Filter>Source Files\ThirdParty\System\Hardware</Filter>
    </None>
    <None Include="ThirdParty\System\Hardware\SIMD.inl">
      <Filter>Source Files\ThirdParty\System\Hardware</Filter>
    </None>
    <None Include="Lib\Math\Types\Vector\Vector3.inl">
      <Filter>Source Files\Lib\Math\Types\Vector</Filter>
    </None>
    <None Include="Lib\Math\Types\Vector\Vector2.inl">
      <Filter>Source Files\Lib\Math\Types\Vector</Filter>
    </None>
    <None Include="Lib\Math\Types\Vertex\Vertex4.inl">
      <Filter>Source Files\Lib\Math\Types\Vertex</Filter>
    </None>
    <None Include="Lib\Math\Types\Vertex\Vertex3.inl">
      <Filter>Source Files\Lib\Math\Types\Vertex</Filter>
    </None>
    <None Include="Lib\Math\Types\Vertex\Vertex2.inl">
      <Filter>Source Files\Lib\Math\Types\Vertex</Filter>
    </None>
    <None Include="Lib\Math\Types\Complex\Complex.inl">
      <Filter>Source Files\Lib\Math\Types\Complex</Filter>
    </None>
    <None Include="Lib\Math\Types\Matrix\Matrix4.inl">
      <Filter>Source Files\Lib\Math\Types\Matrix</Filter>
    </None>
    <None Include="ThirdParty\System\Hardware\SIMD\SIMD_Control.inl">
      <Filter>Source Files\ThirdParty\System\Hardware\SIMD</Filter>
    </None>
    <None Include="ThirdParty\System\Hardware\SIMD\SIMD_ImportValues.inl">
      <Filter>Source Files\ThirdParty\System\Hardware\SIMD</Filter>
    </None>
    <None Include="ThirdParty\System\Hardware\SIMD\SIMD_ExportValues.inl">
      <Filter>Source Files\ThirdParty\System\Hardware\SIMD</Filter>
    </None>
    <None Include="ThirdParty\System\Hardware\SIMD\SIMD_ImportMemory.inl">
      <Filter>Source Files\ThirdParty\System\Hardware\SIMD</Filter>
    </None>
    <None Include="ThirdParty\System\Hardware\SIMD\SIMD_ExportMemory.inl">
      <Filter>Source Files\ThirdParty\System\Hardware\SIMD</Filter>
    </None>
    <None Include="ThirdParty\System\Hardware\SIMD\SIMD_Cast.inl">
      <Filter>Source Files\ThirdParty\System\Hardware\SIMD</Filter>
    </None>
    <None Include="ThirdParty\System\Hardware\SIMD\SIMD_Convert.inl">
      <Filter>Source Files\ThirdParty\System\Hardware\SIMD</Filter>
    </None>
    <None Include="ThirdParty\System\Hardware\SIMD\SIMD_Compare.inl">
      <Filter>Source Files\ThirdParty\System\Hardware\SIMD</Filter>
    </None>
    <None Include="ThirdParty\System\Hardware\SIMD\SIMD_Function.inl">
      <Filter>Source Files\ThirdParty\System\Hardware\SIMD</Filter>
    </None>
    <None Include="ThirdParty\System\Hardware\SIMD\SIMD_Bit.inl">
      <Filter>Source Files\ThirdParty\System\Hardware\SIMD</Filter>
    </None>
    <None Include="ThirdParty\System\Hardware\SIMD\SIMD_Math.inl">
      <Filter>Source Files\ThirdParty\System\Hardware\SIMD</Filter>
    </None>
    <None Include="ThirdParty\System\Hardware\SIMD\SIMD_Register.inl">
      <Filter>Source Files\ThirdParty\System\Hardware\SIMD</Filter>
    </None>
    <None Include="Lib\Math\Types\Matrix\Matrix3.inl">
      <Filter>Source Files\Lib\Math\Types\Matrix</Filter>
    </None>
    <None Include="Lib\Math\Types\Matrix\Matrix2.inl">
      <Filter>Source Files\Lib\Math\Types\Matrix</Filter>
    </None>
    <None Include="Lib\Math\Types\Transform\Transform3.inl">
      <Filter>Source Files\Lib\Math\Types\Transform</Filter>
    </None>
    <None Include="Lib\Math\Types\Transform\Transform2.inl">
      <Filter>Source Files\Lib\Math\Types\Transform</Filter>
    </None>
    <None Include="Lib\String\PatternMatching.inl">
      <Filter>Source Files\Lib\String</Filter>
    </None>
    <None Include="Lib\Datastruct\Datastruct.inl">
      <Filter>Source Files\Lib\Datastruct</Filter>
    </None>
    <None Include="Lib\Datastruct\Array\Array.inl">
      <Filter>Source Files\Lib\Datastruct\Array</Filter>
    </None>
  </ItemGroup>
  <ItemGroup>
    <ClCompile Include="ThirdParty\System\Platform.cpp">
      <Filter>Source Files\ThirdParty\System</Filter>
    </ClCompile>
    <ClCompile Include="ThirdParty\System\Hardware\FPU.cpp">
      <Filter>Source Files\ThirdParty\System\Hardware</Filter>
    </ClCompile>
    <ClCompile Include="ThirdParty\System\String.cpp">
      <Filter>Source Files\ThirdParty\System</Filter>
    </ClCompile>
    <ClCompile Include="ThirdParty\System\File.cpp">
      <Filter>Source Files\ThirdParty\System</Filter>
    </ClCompile>
    <ClCompile Include="ThirdParty\System\Networking.cpp">
      <Filter>Source Files\ThirdParty\System</Filter>
    </ClCompile>
    <ClCompile Include="ThirdParty\System\Threading.cpp">
      <Filter>Source Files\ThirdParty\System</Filter>
    </ClCompile>
    <ClCompile Include="ThirdParty\System\System.cpp">
      <Filter>Source Files\ThirdParty\System</Filter>
    </ClCompile>
    <ClCompile Include="ThirdParty\DirectX11\Direct3D\D3D11Window.cpp">
      <Filter>Source Files\ThirdParty\DirectX11\Direct3D</Filter>
    </ClCompile>
    <ClCompile Include="ThirdParty\DirectX11\Direct3D\D3D11Mappings.cpp">
      <Filter>Source Files\ThirdParty\DirectX11\Direct3D</Filter>
    </ClCompile>
    <ClCompile Include="ThirdParty\DirectX11\Direct3D\D3D11Renderer.cpp">
      <Filter>Source Files\ThirdParty\DirectX11\Direct3D</Filter>
    </ClCompile>
    <ClCompile Include="ThirdParty\DirectX11\Direct3D\Resources\D3D11Resource.cpp">
      <Filter>Source Files\ThirdParty\DirectX11\Direct3D\Resources</Filter>
    </ClCompile>
    <ClCompile Include="ThirdParty\DirectX11\Direct3D\Resources\D3D11DeferredContext.cpp">
      <Filter>Source Files\ThirdParty\DirectX11\Direct3D\Resources</Filter>
    </ClCompile>
    <ClCompile Include="ThirdParty\DirectX11\Direct3D\Resources\D3D11ResourceView.cpp">
      <Filter>Source Files\ThirdParty\DirectX11\Direct3D\Resources</Filter>
    </ClCompile>
    <ClCompile Include="ThirdParty\DirectX11\Direct3D\Resources\D3D11Buffer.cpp">
      <Filter>Source Files\ThirdParty\DirectX11\Direct3D\Resources</Filter>
    </ClCompile>
    <ClCompile Include="ThirdParty\DirectX11\Direct3D\Resources\D3D11Texture.cpp">
      <Filter>Source Files\ThirdParty\DirectX11\Direct3D\Resources</Filter>
    </ClCompile>
    <ClCompile Include="ThirdParty\DirectX11\Direct3D\Resources\D3D11InputLayout.cpp">
      <Filter>Source Files\ThirdParty\DirectX11\Direct3D\Resources</Filter>
    </ClCompile>
    <ClCompile Include="ThirdParty\DirectX11\Direct3D\Resources\D3D11RenderState.cpp">
      <Filter>Source Files\ThirdParty\DirectX11\Direct3D\Resources</Filter>
    </ClCompile>
    <ClCompile Include="ThirdParty\DirectX11\Direct3D\Resources\D3D11Asynchronous.cpp">
      <Filter>Source Files\ThirdParty\DirectX11\Direct3D\Resources</Filter>
    </ClCompile>
    <ClCompile Include="ThirdParty\DirectX11\Direct3D\Resources\D3D11Shader.cpp">
      <Filter>Source Files\ThirdParty\DirectX11\Direct3D\Resources</Filter>
    </ClCompile>
    <ClCompile Include="ThirdParty\DirectX11\Direct3D\2D\D2D1Mappings.cpp">
      <Filter>Source Files\ThirdParty\DirectX11\Direct3D\2D</Filter>
    </ClCompile>
    <ClCompile Include="ThirdParty\DirectX11\Direct3D\2D\Resources\D2D1RenderState.cpp">
      <Filter>Source Files\ThirdParty\DirectX11\Direct3D\2D\Resources</Filter>
    </ClCompile>
    <ClCompile Include="ThirdParty\DirectX11\Direct3D\2D\D2D1RenderingContext.cpp">
      <Filter>Source Files\ThirdParty\DirectX11\Direct3D\2D</Filter>
    </ClCompile>
    <ClCompile Include="ThirdParty\DirectX11\Direct3D\2D\Resources\D2D1Bitmap.cpp">
      <Filter>Source Files\ThirdParty\DirectX11\Direct3D\2D\Resources</Filter>
    </ClCompile>
    <ClCompile Include="ThirdParty\DirectX11\Direct3D\2D\Resources\D2D1Layer.cpp">
      <Filter>Source Files\ThirdParty\DirectX11\Direct3D\2D\Resources</Filter>
    </ClCompile>
    <ClCompile Include="ThirdParty\DirectX11\Direct3D\2D\Resources\D2D1StrokeStyle.cpp">
      <Filter>Source Files\ThirdParty\DirectX11\Direct3D\2D\Resources</Filter>
    </ClCompile>
    <ClCompile Include="ThirdParty\DirectX11\Direct3D\2D\Resources\D2D1Mesh.cpp">
      <Filter>Source Files\ThirdParty\DirectX11\Direct3D\2D\Resources</Filter>
    </ClCompile>
    <ClCompile Include="ThirdParty\DirectX11\Direct3D\2D\Resources\D2D1Brush.cpp">
      <Filter>Source Files\ThirdParty\DirectX11\Direct3D\2D\Resources</Filter>
    </ClCompile>
    <ClCompile Include="ThirdParty\DirectX11\Direct3D\2D\Resources\D2D1Geometry.cpp">
      <Filter>Source Files\ThirdParty\DirectX11\Direct3D\2D\Resources</Filter>
    </ClCompile>
    <ClCompile Include="ThirdParty\DirectX11\Direct3D\2D\Resources\D2D1Text.cpp">
      <Filter>Source Files\ThirdParty\DirectX11\Direct3D\2D\Resources</Filter>
    </ClCompile>
    <ClCompile Include="Lib\Memory\Allocators\MemoryAllocator.cpp">
      <Filter>Source Files\Lib\Memory\Allocators</Filter>
    </ClCompile>
    <ClCompile Include="Lib\Error\ErrorManager.cpp">
      <Filter>Source Files\Lib\Error</Filter>
    </ClCompile>
    <ClCompile Include="Lib\Memory\Allocators\PoolAllocator.cpp">
      <Filter>Source Files\Lib\Memory\Allocators</Filter>
    </ClCompile>
    <ClCompile Include="Lib\Memory\Allocators\StackAllocator.cpp">
      <Filter>Source Files\Lib\Memory\Allocators</Filter>
    </ClCompile>
    <ClCompile Include="Lib\Memory\Allocators\HeapAllocator.cpp">
      <Filter>Source Files\Lib\Memory\Allocators</Filter>
    </ClCompile>
    <ClCompile Include="Lib\Memory\MemoryManager.cpp">
      <Filter>Source Files\Lib\Memory</Filter>
    </ClCompile>
    <ClCompile Include="Lib\Math\Formats\Scalar.cpp">
      <Filter>Source Files\Lib\Math\Formats</Filter>
    </ClCompile>
    <ClCompile Include="Lib\Math\Formats\Fixed.cpp">
      <Filter>Source Files\Lib\Math\Formats</Filter>
    </ClCompile>
    <ClCompile Include="Lib\Math\Formats\Integer.cpp">
      <Filter>Source Files\Lib\Math\Formats</Filter>
    </ClCompile>
    <ClCompile Include="Lib\Math\Formats\Rational.cpp">
      <Filter>Source Files\Lib\Math\Formats</Filter>
    </ClCompile>
    <ClCompile Include="Lib\Math\Hash\Hashing.cpp">
      <Filter>Source Files\Lib\Math\Hash</Filter>
    </ClCompile>
    <ClCompile Include="Lib\Math\Hash\MD5.cpp">
      <Filter>Source Files\Lib\Math\Hash</Filter>
    </ClCompile>
    <ClCompile Include="Lib\Math\Hash\SHA1.cpp">
      <Filter>Source Files\Lib\Math\Hash</Filter>
    </ClCompile>
    <ClCompile Include="Lib\Math\Random\Random.cpp">
      <Filter>Source Files\Lib\Math\Random</Filter>
    </ClCompile>
    <ClCompile Include="Lib\Math\Functions\MathFunction.cpp">
      <Filter>Source Files\Lib\Math\Functions</Filter>
    </ClCompile>
    <ClCompile Include="Lib\Math\Types\Vector\Vector4.cpp">
      <Filter>Source Files\Lib\Math\Types\Vector</Filter>
    </ClCompile>
    <ClCompile Include="ThirdParty\System\Hardware\CPUID.cpp">
      <Filter>Source Files\ThirdParty\System\Hardware</Filter>
    </ClCompile>
    <ClCompile Include="ThirdParty\System\Hardware\SIMD.cpp">
      <Filter>Source Files\ThirdParty\System\Hardware</Filter>
    </ClCompile>
    <ClCompile Include="Lib\Math\Types\Vector\Vector3.cpp">
      <Filter>Source Files\Lib\Math\Types\Vector</Filter>
    </ClCompile>
    <ClCompile Include="Lib\Math\Types\Vector\Vector2.cpp">
      <Filter>Source Files\Lib\Math\Types\Vector</Filter>
    </ClCompile>
    <ClCompile Include="Lib\Math\Types\Vertex\Vertex4.cpp">
      <Filter>Source Files\Lib\Math\Types\Vertex</Filter>
    </ClCompile>
    <ClCompile Include="Lib\Math\Types\Vertex\Vertex3.cpp">
      <Filter>Source Files\Lib\Math\Types\Vertex</Filter>
    </ClCompile>
    <ClCompile Include="Lib\Math\Types\Vertex\Vertex2.cpp">
      <Filter>Source Files\Lib\Math\Types\Vertex</Filter>
    </ClCompile>
    <ClCompile Include="Lib\Math\Types\Complex\Complex.cpp">
      <Filter>Source Files\Lib\Math\Types\Complex</Filter>
    </ClCompile>
    <ClCompile Include="Lib\Math\Types\Matrix\Matrix4.cpp">
      <Filter>Source Files\Lib\Math\Types\Matrix</Filter>
    </ClCompile>
    <ClCompile Include="ThirdParty\System\Hardware\SIMD\SIMD_Control.cpp">
      <Filter>Source Files\ThirdParty\System\Hardware\SIMD</Filter>
    </ClCompile>
    <ClCompile Include="ThirdParty\System\Hardware\SIMD\SIMD_ImportValues.cpp">
      <Filter>Source Files\ThirdParty\System\Hardware\SIMD</Filter>
    </ClCompile>
    <ClCompile Include="ThirdParty\System\Hardware\SIMD\SIMD_ExportValues.cpp">
      <Filter>Source Files\ThirdParty\System\Hardware\SIMD</Filter>
    </ClCompile>
    <ClCompile Include="ThirdParty\System\Hardware\SIMD\SIMD_ImportMemory.cpp">
      <Filter>Source Files\ThirdParty\System\Hardware\SIMD</Filter>
    </ClCompile>
    <ClCompile Include="ThirdParty\System\Hardware\SIMD\SIMD_ExportMemory.cpp">
      <Filter>Source Files\ThirdParty\System\Hardware\SIMD</Filter>
    </ClCompile>
    <ClCompile Include="ThirdParty\System\Hardware\SIMD\SIMD_Cast.cpp">
      <Filter>Source Files\ThirdParty\System\Hardware\SIMD</Filter>
    </ClCompile>
    <ClCompile Include="ThirdParty\System\Hardware\SIMD\SIMD_Convert.cpp">
      <Filter>Source Files\ThirdParty\System\Hardware\SIMD</Filter>
    </ClCompile>
    <ClCompile Include="ThirdParty\System\Hardware\SIMD\SIMD_Compare.cpp">
      <Filter>Source Files\ThirdParty\System\Hardware\SIMD</Filter>
    </ClCompile>
    <ClCompile Include="ThirdParty\System\Hardware\SIMD\SIMD_Function.cpp">
      <Filter>Source Files\ThirdParty\System\Hardware\SIMD</Filter>
    </ClCompile>
    <ClCompile Include="ThirdParty\System\Hardware\SIMD\SIMD_Bit.cpp">
      <Filter>Source Files\ThirdParty\System\Hardware\SIMD</Filter>
    </ClCompile>
    <ClCompile Include="ThirdParty\System\Hardware\SIMD\SIMD_Math.cpp">
      <Filter>Source Files\ThirdParty\System\Hardware\SIMD</Filter>
    </ClCompile>
    <ClCompile Include="ThirdParty\System\Hardware\SIMD\SIMD_Register.cpp">
      <Filter>Source Files\ThirdParty\System\Hardware\SIMD</Filter>
    </ClCompile>
    <ClCompile Include="Lib\Math\Types\Matrix\Matrix3.cpp">
      <Filter>Source Files\Lib\Math\Types\Matrix</Filter>
    </ClCompile>
    <ClCompile Include="Lib\Math\Types\Matrix\Matrix2.cpp">
      <Filter>Source Files\Lib\Math\Types\Matrix</Filter>
    </ClCompile>
    <ClCompile Include="Lib\Math\Types\Transform\Transform3.cpp">
      <Filter>Source Files\Lib\Math\Types\Transform</Filter>
    </ClCompile>
    <ClCompile Include="Lib\Math\Types\Transform\Transform2.cpp">
      <Filter>Source Files\Lib\Math\Types\Transform</Filter>
    </ClCompile>
    <ClCompile Include="Lib\String\PatternMatching.cpp">
      <Filter>Source Files\Lib\String</Filter>
    </ClCompile>
    <ClCompile Include="Lib\Datastruct\Datastruct.cpp">
      <Filter>Source Files\Lib\Datastruct</Filter>
    </ClCompile>
    <ClCompile Include="Lib\Datastruct\Array\Array.cpp">
      <Filter>Source Files\Lib\Datastruct\Array</Filter>
    </ClCompile>
  </ItemGroup>
</Project>